// !$*UTF8*$!
{
	archiveVersion = 1;
	classes = {
	};
	objectVersion = 46;
	objects = {

/* Begin PBXBuildFile section */
		41325D841652F5AA004BBD9B /* UIKit.framework in Frameworks */ = {isa = PBXBuildFile; fileRef = 41325D831652F5AA004BBD9B /* UIKit.framework */; };
		41325D861652F5AA004BBD9B /* Foundation.framework in Frameworks */ = {isa = PBXBuildFile; fileRef = 41325D851652F5AA004BBD9B /* Foundation.framework */; };
		41325D881652F5AA004BBD9B /* CoreGraphics.framework in Frameworks */ = {isa = PBXBuildFile; fileRef = 41325D871652F5AA004BBD9B /* CoreGraphics.framework */; };
		41325D8E1652F5AA004BBD9B /* InfoPlist.strings in Resources */ = {isa = PBXBuildFile; fileRef = 41325D8C1652F5AA004BBD9B /* InfoPlist.strings */; };
		41325D901652F5AA004BBD9B /* main.m in Sources */ = {isa = PBXBuildFile; fileRef = 41325D8F1652F5AA004BBD9B /* main.m */; };
		41325D941652F5AA004BBD9B /* AppDelegate.m in Sources */ = {isa = PBXBuildFile; fileRef = 41325D931652F5AA004BBD9B /* AppDelegate.m */; };
		41325D961652F5AA004BBD9B /* Default.png in Resources */ = {isa = PBXBuildFile; fileRef = 41325D951652F5AA004BBD9B /* Default.png */; };
		41325D981652F5AA004BBD9B /* Default@2x.png in Resources */ = {isa = PBXBuildFile; fileRef = 41325D971652F5AA004BBD9B /* Default@2x.png */; };
		41325D9A1652F5AA004BBD9B /* Default-568h@2x.png in Resources */ = {isa = PBXBuildFile; fileRef = 41325D991652F5AA004BBD9B /* Default-568h@2x.png */; };
		41325D9D1652F5AA004BBD9B /* MainStoryboard.storyboard in Resources */ = {isa = PBXBuildFile; fileRef = 41325D9B1652F5AA004BBD9B /* MainStoryboard.storyboard */; };
		41325DA01652F5AA004BBD9B /* ViewController.m in Sources */ = {isa = PBXBuildFile; fileRef = 41325D9F1652F5AA004BBD9B /* ViewController.m */; };
		41325DA81652F5AA004BBD9B /* SenTestingKit.framework in Frameworks */ = {isa = PBXBuildFile; fileRef = 41325DA71652F5AA004BBD9B /* SenTestingKit.framework */; };
		41325DA91652F5AA004BBD9B /* UIKit.framework in Frameworks */ = {isa = PBXBuildFile; fileRef = 41325D831652F5AA004BBD9B /* UIKit.framework */; };
		41325DAA1652F5AA004BBD9B /* Foundation.framework in Frameworks */ = {isa = PBXBuildFile; fileRef = 41325D851652F5AA004BBD9B /* Foundation.framework */; };
		41325DB21652F5AA004BBD9B /* InfoPlist.strings in Resources */ = {isa = PBXBuildFile; fileRef = 41325DB01652F5AA004BBD9B /* InfoPlist.strings */; };
		41325DB51652F5AA004BBD9B /* PainPointerTests.m in Sources */ = {isa = PBXBuildFile; fileRef = 41325DB41652F5AA004BBD9B /* PainPointerTests.m */; };
		41C9341B1655C069009A51EA /* Transparent.png in Resources */ = {isa = PBXBuildFile; fileRef = 41C9341A1655C069009A51EA /* Transparent.png */; };
		41D41B0C16559409009D27D3 /* Check.png in Resources */ = {isa = PBXBuildFile; fileRef = 41D41B0B16559409009D27D3 /* Check.png */; };
		41D41B111655A990009D27D3 /* HeadViewController.m in Sources */ = {isa = PBXBuildFile; fileRef = 41D41B101655A990009D27D3 /* HeadViewController.m */; };
		41E03F871657218800D58F8B /* LeftArmViewController.m in Sources */ = {isa = PBXBuildFile; fileRef = 41E03F861657218800D58F8B /* LeftArmViewController.m */; };
		41E03F8A1657235C00D58F8B /* TorsoViewController.m in Sources */ = {isa = PBXBuildFile; fileRef = 41E03F891657235C00D58F8B /* TorsoViewController.m */; };
		41E03F8D165726BA00D58F8B /* LeftLegViewController.m in Sources */ = {isa = PBXBuildFile; fileRef = 41E03F8C165726BA00D58F8B /* LeftLegViewController.m */; };
		41E03F901657278400D58F8B /* RightLegViewController.m in Sources */ = {isa = PBXBuildFile; fileRef = 41E03F8F1657278300D58F8B /* RightLegViewController.m */; };
		41E03F9316572B6600D58F8B /* RightArmViewController.m in Sources */ = {isa = PBXBuildFile; fileRef = 41E03F9216572B6600D58F8B /* RightArmViewController.m */; };
		D0EDBE4216582BFF000C4D24 /* Anxious Icon Blue.png in Resources */ = {isa = PBXBuildFile; fileRef = D0EDBE2416582BFF000C4D24 /* Anxious Icon Blue.png */; };
		D0EDBE4416582BFF000C4D24 /* Cold Icon Blue.png in Resources */ = {isa = PBXBuildFile; fileRef = D0EDBE2616582BFF000C4D24 /* Cold Icon Blue.png */; };
		D0EDBE4516582BFF000C4D24 /* Cold Icon.png in Resources */ = {isa = PBXBuildFile; fileRef = D0EDBE2716582BFF000C4D24 /* Cold Icon.png */; };
		D0EDBE4616582BFF000C4D24 /* Cup Icon Blue.png in Resources */ = {isa = PBXBuildFile; fileRef = D0EDBE2816582BFF000C4D24 /* Cup Icon Blue.png */; };
		D0EDBE4716582BFF000C4D24 /* Cup Icon.png in Resources */ = {isa = PBXBuildFile; fileRef = D0EDBE2916582BFF000C4D24 /* Cup Icon.png */; };
		D0EDBE4816582BFF000C4D24 /* Hot Icon Blue.png in Resources */ = {isa = PBXBuildFile; fileRef = D0EDBE2A16582BFF000C4D24 /* Hot Icon Blue.png */; };
		D0EDBE4916582BFF000C4D24 /* Hot Icon.png in Resources */ = {isa = PBXBuildFile; fileRef = D0EDBE2B16582BFF000C4D24 /* Hot Icon.png */; };
		D0EDBE4A16582BFF000C4D24 /* Hungry Icon Blue.png in Resources */ = {isa = PBXBuildFile; fileRef = D0EDBE2C16582BFF000C4D24 /* Hungry Icon Blue.png */; };
		D0EDBE4B16582BFF000C4D24 /* Hungry Icon.png in Resources */ = {isa = PBXBuildFile; fileRef = D0EDBE2D16582BFF000C4D24 /* Hungry Icon.png */; };
		D0EDBE4C16582BFF000C4D24 /* Itchy Icon Blue.png in Resources */ = {isa = PBXBuildFile; fileRef = D0EDBE2E16582BFF000C4D24 /* Itchy Icon Blue.png */; };
		D0EDBE4D16582BFF000C4D24 /* Itchy Icon.png in Resources */ = {isa = PBXBuildFile; fileRef = D0EDBE2F16582BFF000C4D24 /* Itchy Icon.png */; };
		D0EDBE4E16582BFF000C4D24 /* Nausea Blue Icon.png in Resources */ = {isa = PBXBuildFile; fileRef = D0EDBE3016582BFF000C4D24 /* Nausea Blue Icon.png */; };
		D0EDBE4F16582BFF000C4D24 /* Nausea Icon.png in Resources */ = {isa = PBXBuildFile; fileRef = D0EDBE3116582BFF000C4D24 /* Nausea Icon.png */; };
		D0EDBE5016582BFF000C4D24 /* tired Blue.png in Resources */ = {isa = PBXBuildFile; fileRef = D0EDBE3216582BFF000C4D24 /* tired Blue.png */; };
		D0EDBE5116582BFF000C4D24 /* tired.png in Resources */ = {isa = PBXBuildFile; fileRef = D0EDBE3316582BFF000C4D24 /* tired.png */; };
		D0EDBE5216582BFF000C4D24 /* Phone Icon Blue.png in Resources */ = {isa = PBXBuildFile; fileRef = D0EDBE3416582BFF000C4D24 /* Phone Icon Blue.png */; };
		D0EDBE5316582BFF000C4D24 /* Phone Icon.png in Resources */ = {isa = PBXBuildFile; fileRef = D0EDBE3516582BFF000C4D24 /* Phone Icon.png */; };
		D0EDBE5416582BFF000C4D24 /* Puke Icon Blue.png in Resources */ = {isa = PBXBuildFile; fileRef = D0EDBE3616582BFF000C4D24 /* Puke Icon Blue.png */; };
		D0EDBE5516582BFF000C4D24 /* Puke Icon.png in Resources */ = {isa = PBXBuildFile; fileRef = D0EDBE3716582BFF000C4D24 /* Puke Icon.png */; };
		D0EDBE5616582BFF000C4D24 /* Sleep Icon.png in Resources */ = {isa = PBXBuildFile; fileRef = D0EDBE3816582BFF000C4D24 /* Sleep Icon.png */; };
		D0EDBE5716582BFF000C4D24 /* Sleepy Icon Blue.png in Resources */ = {isa = PBXBuildFile; fileRef = D0EDBE3916582BFF000C4D24 /* Sleepy Icon Blue.png */; };
		D0EDBE5816582BFF000C4D24 /* Toilet Icon Blue.png in Resources */ = {isa = PBXBuildFile; fileRef = D0EDBE3A16582BFF000C4D24 /* Toilet Icon Blue.png */; };
		D0EDBE5916582BFF000C4D24 /* Toilet Icon.png in Resources */ = {isa = PBXBuildFile; fileRef = D0EDBE3B16582BFF000C4D24 /* Toilet Icon.png */; };
		D0EDBE5A16582BFF000C4D24 /* Too Sad Icon Blue.png in Resources */ = {isa = PBXBuildFile; fileRef = D0EDBE3C16582BFF000C4D24 /* Too Sad Icon Blue.png */; };
		D0EDBE5B16582BFF000C4D24 /* Too Sad Icon.png in Resources */ = {isa = PBXBuildFile; fileRef = D0EDBE3D16582BFF000C4D24 /* Too Sad Icon.png */; };
		D0EDBE5C16582BFF000C4D24 /* TV Icon Blue.png in Resources */ = {isa = PBXBuildFile; fileRef = D0EDBE3E16582BFF000C4D24 /* TV Icon Blue.png */; };
		D0EDBE5D16582BFF000C4D24 /* TV Icon.png in Resources */ = {isa = PBXBuildFile; fileRef = D0EDBE3F16582BFF000C4D24 /* TV Icon.png */; };
		D0EDBE5E16582BFF000C4D24 /* Write Icon Blue.png in Resources */ = {isa = PBXBuildFile; fileRef = D0EDBE4016582BFF000C4D24 /* Write Icon Blue.png */; };
		D0EDBE5F16582BFF000C4D24 /* Write Icon.png in Resources */ = {isa = PBXBuildFile; fileRef = D0EDBE4116582BFF000C4D24 /* Write Icon.png */; };
		D0EDBE6216582E18000C4D24 /* Anxious Icon.png in Resources */ = {isa = PBXBuildFile; fileRef = D0EDBE6116582E18000C4D24 /* Anxious Icon.png */; };
		D0EDBE6E165841EC000C4D24 /* sharp.jpeg in Resources */ = {isa = PBXBuildFile; fileRef = D0EDBE6D165841EC000C4D24 /* sharp.jpeg */; };
		D0EDBE7216584275000C4D24 /* eraser.png in Resources */ = {isa = PBXBuildFile; fileRef = D0EDBE7116584275000C4D24 /* eraser.png */; };
		D0EDBE79165845AA000C4D24 /* acupuncture2.gif in Resources */ = {isa = PBXBuildFile; fileRef = D0EDBE73165845AA000C4D24 /* acupuncture2.gif */; };
		D0EDBE7A165845AA000C4D24 /* burning.jpg in Resources */ = {isa = PBXBuildFile; fileRef = D0EDBE74165845AA000C4D24 /* burning.jpg */; };
		D0EDBE7B165845AA000C4D24 /* itchy.png in Resources */ = {isa = PBXBuildFile; fileRef = D0EDBE75165845AA000C4D24 /* itchy.png */; };
		D0EDBE7C165845AA000C4D24 /* numb.jpg in Resources */ = {isa = PBXBuildFile; fileRef = D0EDBE76165845AA000C4D24 /* numb.jpg */; };
		D0EDBE7D165845AA000C4D24 /* pressure.jpeg in Resources */ = {isa = PBXBuildFile; fileRef = D0EDBE77165845AA000C4D24 /* pressure.jpeg */; };
		D0EDBE7E165845AA000C4D24 /* throbbing.jpg in Resources */ = {isa = PBXBuildFile; fileRef = D0EDBE78165845AA000C4D24 /* throbbing.jpg */; };
/* End PBXBuildFile section */

/* Begin PBXContainerItemProxy section */
		41325DAB1652F5AA004BBD9B /* PBXContainerItemProxy */ = {
			isa = PBXContainerItemProxy;
			containerPortal = 41325D761652F5AA004BBD9B /* Project object */;
			proxyType = 1;
			remoteGlobalIDString = 41325D7E1652F5AA004BBD9B;
			remoteInfo = PainPointer;
		};
/* End PBXContainerItemProxy section */

/* Begin PBXFileReference section */
		41325D7F1652F5AA004BBD9B /* PainPointer.app */ = {isa = PBXFileReference; explicitFileType = wrapper.application; includeInIndex = 0; path = PainPointer.app; sourceTree = BUILT_PRODUCTS_DIR; };
		41325D831652F5AA004BBD9B /* UIKit.framework */ = {isa = PBXFileReference; lastKnownFileType = wrapper.framework; name = UIKit.framework; path = System/Library/Frameworks/UIKit.framework; sourceTree = SDKROOT; };
		41325D851652F5AA004BBD9B /* Foundation.framework */ = {isa = PBXFileReference; lastKnownFileType = wrapper.framework; name = Foundation.framework; path = System/Library/Frameworks/Foundation.framework; sourceTree = SDKROOT; };
		41325D871652F5AA004BBD9B /* CoreGraphics.framework */ = {isa = PBXFileReference; lastKnownFileType = wrapper.framework; name = CoreGraphics.framework; path = System/Library/Frameworks/CoreGraphics.framework; sourceTree = SDKROOT; };
		41325D8B1652F5AA004BBD9B /* PainPointer-Info.plist */ = {isa = PBXFileReference; lastKnownFileType = text.plist.xml; path = "PainPointer-Info.plist"; sourceTree = "<group>"; };
		41325D8D1652F5AA004BBD9B /* en */ = {isa = PBXFileReference; lastKnownFileType = text.plist.strings; name = en; path = en.lproj/InfoPlist.strings; sourceTree = "<group>"; };
		41325D8F1652F5AA004BBD9B /* main.m */ = {isa = PBXFileReference; lastKnownFileType = sourcecode.c.objc; path = main.m; sourceTree = "<group>"; };
		41325D911652F5AA004BBD9B /* PainPointer-Prefix.pch */ = {isa = PBXFileReference; lastKnownFileType = sourcecode.c.h; path = "PainPointer-Prefix.pch"; sourceTree = "<group>"; };
		41325D921652F5AA004BBD9B /* AppDelegate.h */ = {isa = PBXFileReference; lastKnownFileType = sourcecode.c.h; path = AppDelegate.h; sourceTree = "<group>"; };
		41325D931652F5AA004BBD9B /* AppDelegate.m */ = {isa = PBXFileReference; lastKnownFileType = sourcecode.c.objc; path = AppDelegate.m; sourceTree = "<group>"; };
		41325D951652F5AA004BBD9B /* Default.png */ = {isa = PBXFileReference; lastKnownFileType = image.png; path = Default.png; sourceTree = "<group>"; };
		41325D971652F5AA004BBD9B /* Default@2x.png */ = {isa = PBXFileReference; lastKnownFileType = image.png; path = "Default@2x.png"; sourceTree = "<group>"; };
		41325D991652F5AA004BBD9B /* Default-568h@2x.png */ = {isa = PBXFileReference; lastKnownFileType = image.png; path = "Default-568h@2x.png"; sourceTree = "<group>"; };
		41325D9C1652F5AA004BBD9B /* en */ = {isa = PBXFileReference; lastKnownFileType = file.storyboard; name = en; path = en.lproj/MainStoryboard.storyboard; sourceTree = "<group>"; };
		41325D9E1652F5AA004BBD9B /* ViewController.h */ = {isa = PBXFileReference; lastKnownFileType = sourcecode.c.h; path = ViewController.h; sourceTree = "<group>"; };
		41325D9F1652F5AA004BBD9B /* ViewController.m */ = {isa = PBXFileReference; lastKnownFileType = sourcecode.c.objc; path = ViewController.m; sourceTree = "<group>"; };
		41325DA61652F5AA004BBD9B /* PainPointerTests.octest */ = {isa = PBXFileReference; explicitFileType = wrapper.cfbundle; includeInIndex = 0; path = PainPointerTests.octest; sourceTree = BUILT_PRODUCTS_DIR; };
		41325DA71652F5AA004BBD9B /* SenTestingKit.framework */ = {isa = PBXFileReference; lastKnownFileType = wrapper.framework; name = SenTestingKit.framework; path = Library/Frameworks/SenTestingKit.framework; sourceTree = DEVELOPER_DIR; };
		41325DAF1652F5AA004BBD9B /* PainPointerTests-Info.plist */ = {isa = PBXFileReference; lastKnownFileType = text.plist.xml; path = "PainPointerTests-Info.plist"; sourceTree = "<group>"; };
		41325DB11652F5AA004BBD9B /* en */ = {isa = PBXFileReference; lastKnownFileType = text.plist.strings; name = en; path = en.lproj/InfoPlist.strings; sourceTree = "<group>"; };
		41325DB31652F5AA004BBD9B /* PainPointerTests.h */ = {isa = PBXFileReference; lastKnownFileType = sourcecode.c.h; path = PainPointerTests.h; sourceTree = "<group>"; };
		41325DB41652F5AA004BBD9B /* PainPointerTests.m */ = {isa = PBXFileReference; lastKnownFileType = sourcecode.c.objc; path = PainPointerTests.m; sourceTree = "<group>"; };
		41C9341A1655C069009A51EA /* Transparent.png */ = {isa = PBXFileReference; lastKnownFileType = image.png; path = Transparent.png; sourceTree = "<group>"; };
		41D41B0B16559409009D27D3 /* Check.png */ = {isa = PBXFileReference; lastKnownFileType = image.png; path = Check.png; sourceTree = "<group>"; };
		41D41B0F1655A990009D27D3 /* HeadViewController.h */ = {isa = PBXFileReference; fileEncoding = 4; lastKnownFileType = sourcecode.c.h; path = HeadViewController.h; sourceTree = "<group>"; };
		41D41B101655A990009D27D3 /* HeadViewController.m */ = {isa = PBXFileReference; fileEncoding = 4; lastKnownFileType = sourcecode.c.objc; path = HeadViewController.m; sourceTree = "<group>"; };
		41E03F851657218800D58F8B /* LeftArmViewController.h */ = {isa = PBXFileReference; fileEncoding = 4; lastKnownFileType = sourcecode.c.h; path = LeftArmViewController.h; sourceTree = "<group>"; };
		41E03F861657218800D58F8B /* LeftArmViewController.m */ = {isa = PBXFileReference; fileEncoding = 4; lastKnownFileType = sourcecode.c.objc; path = LeftArmViewController.m; sourceTree = "<group>"; };
		41E03F881657235C00D58F8B /* TorsoViewController.h */ = {isa = PBXFileReference; fileEncoding = 4; lastKnownFileType = sourcecode.c.h; path = TorsoViewController.h; sourceTree = "<group>"; };
		41E03F891657235C00D58F8B /* TorsoViewController.m */ = {isa = PBXFileReference; fileEncoding = 4; lastKnownFileType = sourcecode.c.objc; path = TorsoViewController.m; sourceTree = "<group>"; };
		41E03F8B165726BA00D58F8B /* LeftLegViewController.h */ = {isa = PBXFileReference; fileEncoding = 4; lastKnownFileType = sourcecode.c.h; path = LeftLegViewController.h; sourceTree = "<group>"; };
		41E03F8C165726BA00D58F8B /* LeftLegViewController.m */ = {isa = PBXFileReference; fileEncoding = 4; lastKnownFileType = sourcecode.c.objc; path = LeftLegViewController.m; sourceTree = "<group>"; };
		41E03F8E1657278300D58F8B /* RightLegViewController.h */ = {isa = PBXFileReference; fileEncoding = 4; lastKnownFileType = sourcecode.c.h; path = RightLegViewController.h; sourceTree = "<group>"; };
		41E03F8F1657278300D58F8B /* RightLegViewController.m */ = {isa = PBXFileReference; fileEncoding = 4; lastKnownFileType = sourcecode.c.objc; path = RightLegViewController.m; sourceTree = "<group>"; };
		41E03F9116572B6600D58F8B /* RightArmViewController.h */ = {isa = PBXFileReference; fileEncoding = 4; lastKnownFileType = sourcecode.c.h; name = RightArmViewController.h; path = ../RightArmViewController.h; sourceTree = "<group>"; };
		41E03F9216572B6600D58F8B /* RightArmViewController.m */ = {isa = PBXFileReference; fileEncoding = 4; lastKnownFileType = sourcecode.c.objc; name = RightArmViewController.m; path = ../RightArmViewController.m; sourceTree = "<group>"; };
		D0EDBE2416582BFF000C4D24 /* Anxious Icon Blue.png */ = {isa = PBXFileReference; lastKnownFileType = image.png; path = "Anxious Icon Blue.png"; sourceTree = "<group>"; };
		D0EDBE2616582BFF000C4D24 /* Cold Icon Blue.png */ = {isa = PBXFileReference; lastKnownFileType = image.png; path = "Cold Icon Blue.png"; sourceTree = "<group>"; };
		D0EDBE2716582BFF000C4D24 /* Cold Icon.png */ = {isa = PBXFileReference; lastKnownFileType = image.png; path = "Cold Icon.png"; sourceTree = "<group>"; };
		D0EDBE2816582BFF000C4D24 /* Cup Icon Blue.png */ = {isa = PBXFileReference; lastKnownFileType = image.png; path = "Cup Icon Blue.png"; sourceTree = "<group>"; };
		D0EDBE2916582BFF000C4D24 /* Cup Icon.png */ = {isa = PBXFileReference; lastKnownFileType = image.png; path = "Cup Icon.png"; sourceTree = "<group>"; };
		D0EDBE2A16582BFF000C4D24 /* Hot Icon Blue.png */ = {isa = PBXFileReference; lastKnownFileType = image.png; path = "Hot Icon Blue.png"; sourceTree = "<group>"; };
		D0EDBE2B16582BFF000C4D24 /* Hot Icon.png */ = {isa = PBXFileReference; lastKnownFileType = image.png; path = "Hot Icon.png"; sourceTree = "<group>"; };
		D0EDBE2C16582BFF000C4D24 /* Hungry Icon Blue.png */ = {isa = PBXFileReference; lastKnownFileType = image.png; path = "Hungry Icon Blue.png"; sourceTree = "<group>"; };
		D0EDBE2D16582BFF000C4D24 /* Hungry Icon.png */ = {isa = PBXFileReference; lastKnownFileType = image.png; path = "Hungry Icon.png"; sourceTree = "<group>"; };
		D0EDBE2E16582BFF000C4D24 /* Itchy Icon Blue.png */ = {isa = PBXFileReference; lastKnownFileType = image.png; path = "Itchy Icon Blue.png"; sourceTree = "<group>"; };
		D0EDBE2F16582BFF000C4D24 /* Itchy Icon.png */ = {isa = PBXFileReference; lastKnownFileType = image.png; path = "Itchy Icon.png"; sourceTree = "<group>"; };
		D0EDBE3016582BFF000C4D24 /* Nausea Blue Icon.png */ = {isa = PBXFileReference; lastKnownFileType = image.png; path = "Nausea Blue Icon.png"; sourceTree = "<group>"; };
		D0EDBE3116582BFF000C4D24 /* Nausea Icon.png */ = {isa = PBXFileReference; lastKnownFileType = image.png; path = "Nausea Icon.png"; sourceTree = "<group>"; };
		D0EDBE3216582BFF000C4D24 /* tired Blue.png */ = {isa = PBXFileReference; lastKnownFileType = image.png; path = "tired Blue.png"; sourceTree = "<group>"; };
		D0EDBE3316582BFF000C4D24 /* tired.png */ = {isa = PBXFileReference; lastKnownFileType = image.png; path = tired.png; sourceTree = "<group>"; };
		D0EDBE3416582BFF000C4D24 /* Phone Icon Blue.png */ = {isa = PBXFileReference; lastKnownFileType = image.png; path = "Phone Icon Blue.png"; sourceTree = "<group>"; };
		D0EDBE3516582BFF000C4D24 /* Phone Icon.png */ = {isa = PBXFileReference; lastKnownFileType = image.png; path = "Phone Icon.png"; sourceTree = "<group>"; };
		D0EDBE3616582BFF000C4D24 /* Puke Icon Blue.png */ = {isa = PBXFileReference; lastKnownFileType = image.png; path = "Puke Icon Blue.png"; sourceTree = "<group>"; };
		D0EDBE3716582BFF000C4D24 /* Puke Icon.png */ = {isa = PBXFileReference; lastKnownFileType = image.png; path = "Puke Icon.png"; sourceTree = "<group>"; };
		D0EDBE3816582BFF000C4D24 /* Sleep Icon.png */ = {isa = PBXFileReference; lastKnownFileType = image.png; path = "Sleep Icon.png"; sourceTree = "<group>"; };
		D0EDBE3916582BFF000C4D24 /* Sleepy Icon Blue.png */ = {isa = PBXFileReference; lastKnownFileType = image.png; path = "Sleepy Icon Blue.png"; sourceTree = "<group>"; };
		D0EDBE3A16582BFF000C4D24 /* Toilet Icon Blue.png */ = {isa = PBXFileReference; lastKnownFileType = image.png; path = "Toilet Icon Blue.png"; sourceTree = "<group>"; };
		D0EDBE3B16582BFF000C4D24 /* Toilet Icon.png */ = {isa = PBXFileReference; lastKnownFileType = image.png; path = "Toilet Icon.png"; sourceTree = "<group>"; };
		D0EDBE3C16582BFF000C4D24 /* Too Sad Icon Blue.png */ = {isa = PBXFileReference; lastKnownFileType = image.png; path = "Too Sad Icon Blue.png"; sourceTree = "<group>"; };
		D0EDBE3D16582BFF000C4D24 /* Too Sad Icon.png */ = {isa = PBXFileReference; lastKnownFileType = image.png; path = "Too Sad Icon.png"; sourceTree = "<group>"; };
		D0EDBE3E16582BFF000C4D24 /* TV Icon Blue.png */ = {isa = PBXFileReference; lastKnownFileType = image.png; path = "TV Icon Blue.png"; sourceTree = "<group>"; };
		D0EDBE3F16582BFF000C4D24 /* TV Icon.png */ = {isa = PBXFileReference; lastKnownFileType = image.png; path = "TV Icon.png"; sourceTree = "<group>"; };
		D0EDBE4016582BFF000C4D24 /* Write Icon Blue.png */ = {isa = PBXFileReference; lastKnownFileType = image.png; path = "Write Icon Blue.png"; sourceTree = "<group>"; };
		D0EDBE4116582BFF000C4D24 /* Write Icon.png */ = {isa = PBXFileReference; lastKnownFileType = image.png; path = "Write Icon.png"; sourceTree = "<group>"; };
		D0EDBE6116582E18000C4D24 /* Anxious Icon.png */ = {isa = PBXFileReference; lastKnownFileType = image.png; path = "Anxious Icon.png"; sourceTree = "<group>"; };
		D0EDBE6D165841EC000C4D24 /* sharp.jpeg */ = {isa = PBXFileReference; lastKnownFileType = image.jpeg; path = sharp.jpeg; sourceTree = "<group>"; };
		D0EDBE7116584275000C4D24 /* eraser.png */ = {isa = PBXFileReference; lastKnownFileType = image.png; path = eraser.png; sourceTree = "<group>"; };
		D0EDBE73165845AA000C4D24 /* acupuncture2.gif */ = {isa = PBXFileReference; lastKnownFileType = image.gif; path = acupuncture2.gif; sourceTree = "<group>"; };
		D0EDBE74165845AA000C4D24 /* burning.jpg */ = {isa = PBXFileReference; lastKnownFileType = image.jpeg; path = burning.jpg; sourceTree = "<group>"; };
		D0EDBE75165845AA000C4D24 /* itchy.png */ = {isa = PBXFileReference; lastKnownFileType = image.png; path = itchy.png; sourceTree = "<group>"; };
		D0EDBE76165845AA000C4D24 /* numb.jpg */ = {isa = PBXFileReference; lastKnownFileType = image.jpeg; path = numb.jpg; sourceTree = "<group>"; };
		D0EDBE77165845AA000C4D24 /* pressure.jpeg */ = {isa = PBXFileReference; lastKnownFileType = image.jpeg; path = pressure.jpeg; sourceTree = "<group>"; };
		D0EDBE78165845AA000C4D24 /* throbbing.jpg */ = {isa = PBXFileReference; lastKnownFileType = image.jpeg; path = throbbing.jpg; sourceTree = "<group>"; };
/* End PBXFileReference section */

/* Begin PBXFrameworksBuildPhase section */
		41325D7C1652F5AA004BBD9B /* Frameworks */ = {
			isa = PBXFrameworksBuildPhase;
			buildActionMask = 2147483647;
			files = (
				41325D841652F5AA004BBD9B /* UIKit.framework in Frameworks */,
				41325D861652F5AA004BBD9B /* Foundation.framework in Frameworks */,
				41325D881652F5AA004BBD9B /* CoreGraphics.framework in Frameworks */,
			);
			runOnlyForDeploymentPostprocessing = 0;
		};
		41325DA21652F5AA004BBD9B /* Frameworks */ = {
			isa = PBXFrameworksBuildPhase;
			buildActionMask = 2147483647;
			files = (
				41325DA81652F5AA004BBD9B /* SenTestingKit.framework in Frameworks */,
				41325DA91652F5AA004BBD9B /* UIKit.framework in Frameworks */,
				41325DAA1652F5AA004BBD9B /* Foundation.framework in Frameworks */,
			);
			runOnlyForDeploymentPostprocessing = 0;
		};
/* End PBXFrameworksBuildPhase section */

/* Begin PBXGroup section */
		41325D741652F5AA004BBD9B = {
			isa = PBXGroup;
			children = (
				41325D891652F5AA004BBD9B /* PainPointer */,
				41325DAD1652F5AA004BBD9B /* PainPointerTests */,
				41325D821652F5AA004BBD9B /* Frameworks */,
				41325D801652F5AA004BBD9B /* Products */,
			);
			sourceTree = "<group>";
		};
		41325D801652F5AA004BBD9B /* Products */ = {
			isa = PBXGroup;
			children = (
				41325D7F1652F5AA004BBD9B /* PainPointer.app */,
				41325DA61652F5AA004BBD9B /* PainPointerTests.octest */,
			);
			name = Products;
			sourceTree = "<group>";
		};
		41325D821652F5AA004BBD9B /* Frameworks */ = {
			isa = PBXGroup;
			children = (
				41325D831652F5AA004BBD9B /* UIKit.framework */,
				41325D851652F5AA004BBD9B /* Foundation.framework */,
				41325D871652F5AA004BBD9B /* CoreGraphics.framework */,
				41325DA71652F5AA004BBD9B /* SenTestingKit.framework */,
			);
			name = Frameworks;
			sourceTree = "<group>";
		};
		41325D891652F5AA004BBD9B /* PainPointer */ = {
			isa = PBXGroup;
			children = (
				41325D921652F5AA004BBD9B /* AppDelegate.h */,
				41325D931652F5AA004BBD9B /* AppDelegate.m */,
				41325D9B1652F5AA004BBD9B /* MainStoryboard.storyboard */,
				41E03F9116572B6600D58F8B /* RightArmViewController.h */,
				41E03F9216572B6600D58F8B /* RightArmViewController.m */,
				41E03F8E1657278300D58F8B /* RightLegViewController.h */,
				41E03F8F1657278300D58F8B /* RightLegViewController.m */,
				41E03F8B165726BA00D58F8B /* LeftLegViewController.h */,
				41E03F8C165726BA00D58F8B /* LeftLegViewController.m */,
				41E03F881657235C00D58F8B /* TorsoViewController.h */,
				41E03F891657235C00D58F8B /* TorsoViewController.m */,
				41E03F851657218800D58F8B /* LeftArmViewController.h */,
				41E03F861657218800D58F8B /* LeftArmViewController.m */,
				41D41B0F1655A990009D27D3 /* HeadViewController.h */,
				41D41B101655A990009D27D3 /* HeadViewController.m */,
				41325D9E1652F5AA004BBD9B /* ViewController.h */,
				41325D9F1652F5AA004BBD9B /* ViewController.m */,
				D0EDBE6116582E18000C4D24 /* Anxious Icon.png */,
				D0EDBE2416582BFF000C4D24 /* Anxious Icon Blue.png */,
				D0EDBE2616582BFF000C4D24 /* Cold Icon Blue.png */,
				D0EDBE2716582BFF000C4D24 /* Cold Icon.png */,
				D0EDBE2816582BFF000C4D24 /* Cup Icon Blue.png */,
				D0EDBE2916582BFF000C4D24 /* Cup Icon.png */,
				D0EDBE2A16582BFF000C4D24 /* Hot Icon Blue.png */,
				D0EDBE2B16582BFF000C4D24 /* Hot Icon.png */,
				D0EDBE2C16582BFF000C4D24 /* Hungry Icon Blue.png */,
				D0EDBE2D16582BFF000C4D24 /* Hungry Icon.png */,
				D0EDBE2E16582BFF000C4D24 /* Itchy Icon Blue.png */,
				D0EDBE2F16582BFF000C4D24 /* Itchy Icon.png */,
				D0EDBE3016582BFF000C4D24 /* Nausea Blue Icon.png */,
				D0EDBE3116582BFF000C4D24 /* Nausea Icon.png */,
				D0EDBE3216582BFF000C4D24 /* tired Blue.png */,
				D0EDBE3316582BFF000C4D24 /* tired.png */,
				D0EDBE3416582BFF000C4D24 /* Phone Icon Blue.png */,
				D0EDBE3516582BFF000C4D24 /* Phone Icon.png */,
				D0EDBE3616582BFF000C4D24 /* Puke Icon Blue.png */,
				D0EDBE3716582BFF000C4D24 /* Puke Icon.png */,
				D0EDBE3816582BFF000C4D24 /* Sleep Icon.png */,
				D0EDBE3916582BFF000C4D24 /* Sleepy Icon Blue.png */,
				D0EDBE3A16582BFF000C4D24 /* Toilet Icon Blue.png */,
				D0EDBE3B16582BFF000C4D24 /* Toilet Icon.png */,
				D0EDBE3C16582BFF000C4D24 /* Too Sad Icon Blue.png */,
				D0EDBE3D16582BFF000C4D24 /* Too Sad Icon.png */,
				D0EDBE3E16582BFF000C4D24 /* TV Icon Blue.png */,
				D0EDBE3F16582BFF000C4D24 /* TV Icon.png */,
				D0EDBE4016582BFF000C4D24 /* Write Icon Blue.png */,
				D0EDBE4116582BFF000C4D24 /* Write Icon.png */,
				41D41B0B16559409009D27D3 /* Check.png */,
				41C9341A1655C069009A51EA /* Transparent.png */,
				D0EDBE7116584275000C4D24 /* eraser.png */,
				D0EDBE73165845AA000C4D24 /* acupuncture2.gif */,
				D0EDBE74165845AA000C4D24 /* burning.jpg */,
				D0EDBE75165845AA000C4D24 /* itchy.png */,
				D0EDBE76165845AA000C4D24 /* numb.jpg */,
				D0EDBE77165845AA000C4D24 /* pressure.jpeg */,
				D0EDBE78165845AA000C4D24 /* throbbing.jpg */,
				D0EDBE6D165841EC000C4D24 /* sharp.jpeg */,
				41325D8A1652F5AA004BBD9B /* Supporting Files */,
			);
			path = PainPointer;
			sourceTree = "<group>";
		};
		41325D8A1652F5AA004BBD9B /* Supporting Files */ = {
			isa = PBXGroup;
			children = (
				41325D8B1652F5AA004BBD9B /* PainPointer-Info.plist */,
				41325D8C1652F5AA004BBD9B /* InfoPlist.strings */,
				41325D8F1652F5AA004BBD9B /* main.m */,
				41325D911652F5AA004BBD9B /* PainPointer-Prefix.pch */,
				41325D951652F5AA004BBD9B /* Default.png */,
				41325D971652F5AA004BBD9B /* Default@2x.png */,
				41325D991652F5AA004BBD9B /* Default-568h@2x.png */,
			);
			name = "Supporting Files";
			sourceTree = "<group>";
		};
		41325DAD1652F5AA004BBD9B /* PainPointerTests */ = {
			isa = PBXGroup;
			children = (
				41325DB31652F5AA004BBD9B /* PainPointerTests.h */,
				41325DB41652F5AA004BBD9B /* PainPointerTests.m */,
				41325DAE1652F5AA004BBD9B /* Supporting Files */,
			);
			path = PainPointerTests;
			sourceTree = "<group>";
		};
		41325DAE1652F5AA004BBD9B /* Supporting Files */ = {
			isa = PBXGroup;
			children = (
				41325DAF1652F5AA004BBD9B /* PainPointerTests-Info.plist */,
				41325DB01652F5AA004BBD9B /* InfoPlist.strings */,
			);
			name = "Supporting Files";
			sourceTree = "<group>";
		};
/* End PBXGroup section */

/* Begin PBXNativeTarget section */
		41325D7E1652F5AA004BBD9B /* PainPointer */ = {
			isa = PBXNativeTarget;
			buildConfigurationList = 41325DB81652F5AA004BBD9B /* Build configuration list for PBXNativeTarget "PainPointer" */;
			buildPhases = (
				41325D7B1652F5AA004BBD9B /* Sources */,
				41325D7C1652F5AA004BBD9B /* Frameworks */,
				41325D7D1652F5AA004BBD9B /* Resources */,
			);
			buildRules = (
			);
			dependencies = (
			);
			name = PainPointer;
			productName = PainPointer;
			productReference = 41325D7F1652F5AA004BBD9B /* PainPointer.app */;
			productType = "com.apple.product-type.application";
		};
		41325DA51652F5AA004BBD9B /* PainPointerTests */ = {
			isa = PBXNativeTarget;
			buildConfigurationList = 41325DBB1652F5AA004BBD9B /* Build configuration list for PBXNativeTarget "PainPointerTests" */;
			buildPhases = (
				41325DA11652F5AA004BBD9B /* Sources */,
				41325DA21652F5AA004BBD9B /* Frameworks */,
				41325DA31652F5AA004BBD9B /* Resources */,
				41325DA41652F5AA004BBD9B /* ShellScript */,
			);
			buildRules = (
			);
			dependencies = (
				41325DAC1652F5AA004BBD9B /* PBXTargetDependency */,
			);
			name = PainPointerTests;
			productName = PainPointerTests;
			productReference = 41325DA61652F5AA004BBD9B /* PainPointerTests.octest */;
			productType = "com.apple.product-type.bundle";
		};
/* End PBXNativeTarget section */

/* Begin PBXProject section */
		41325D761652F5AA004BBD9B /* Project object */ = {
			isa = PBXProject;
			attributes = {
				LastUpgradeCheck = 0450;
				ORGANIZATIONNAME = "App Jam";
			};
			buildConfigurationList = 41325D791652F5AA004BBD9B /* Build configuration list for PBXProject "PainPointer" */;
			compatibilityVersion = "Xcode 3.2";
			developmentRegion = English;
			hasScannedForEncodings = 0;
			knownRegions = (
				en,
			);
			mainGroup = 41325D741652F5AA004BBD9B;
			productRefGroup = 41325D801652F5AA004BBD9B /* Products */;
			projectDirPath = "";
			projectRoot = "";
			targets = (
				41325D7E1652F5AA004BBD9B /* PainPointer */,
				41325DA51652F5AA004BBD9B /* PainPointerTests */,
			);
		};
/* End PBXProject section */

/* Begin PBXResourcesBuildPhase section */
		41325D7D1652F5AA004BBD9B /* Resources */ = {
			isa = PBXResourcesBuildPhase;
			buildActionMask = 2147483647;
			files = (
				41325D8E1652F5AA004BBD9B /* InfoPlist.strings in Resources */,
				41325D961652F5AA004BBD9B /* Default.png in Resources */,
				41325D981652F5AA004BBD9B /* Default@2x.png in Resources */,
				41325D9A1652F5AA004BBD9B /* Default-568h@2x.png in Resources */,
				41325D9D1652F5AA004BBD9B /* MainStoryboard.storyboard in Resources */,
				41D41B0C16559409009D27D3 /* Check.png in Resources */,
				41C9341B1655C069009A51EA /* Transparent.png in Resources */,
				D0EDBE4216582BFF000C4D24 /* Anxious Icon Blue.png in Resources */,
				D0EDBE4416582BFF000C4D24 /* Cold Icon Blue.png in Resources */,
				D0EDBE4516582BFF000C4D24 /* Cold Icon.png in Resources */,
				D0EDBE4616582BFF000C4D24 /* Cup Icon Blue.png in Resources */,
				D0EDBE4716582BFF000C4D24 /* Cup Icon.png in Resources */,
				D0EDBE4816582BFF000C4D24 /* Hot Icon Blue.png in Resources */,
				D0EDBE4916582BFF000C4D24 /* Hot Icon.png in Resources */,
				D0EDBE4A16582BFF000C4D24 /* Hungry Icon Blue.png in Resources */,
				D0EDBE4B16582BFF000C4D24 /* Hungry Icon.png in Resources */,
				D0EDBE4C16582BFF000C4D24 /* Itchy Icon Blue.png in Resources */,
				D0EDBE4D16582BFF000C4D24 /* Itchy Icon.png in Resources */,
				D0EDBE4E16582BFF000C4D24 /* Nausea Blue Icon.png in Resources */,
				D0EDBE4F16582BFF000C4D24 /* Nausea Icon.png in Resources */,
				D0EDBE5016582BFF000C4D24 /* tired Blue.png in Resources */,
				D0EDBE5116582BFF000C4D24 /* tired.png in Resources */,
				D0EDBE5216582BFF000C4D24 /* Phone Icon Blue.png in Resources */,
				D0EDBE5316582BFF000C4D24 /* Phone Icon.png in Resources */,
				D0EDBE5416582BFF000C4D24 /* Puke Icon Blue.png in Resources */,
				D0EDBE5516582BFF000C4D24 /* Puke Icon.png in Resources */,
				D0EDBE5616582BFF000C4D24 /* Sleep Icon.png in Resources */,
				D0EDBE5716582BFF000C4D24 /* Sleepy Icon Blue.png in Resources */,
				D0EDBE5816582BFF000C4D24 /* Toilet Icon Blue.png in Resources */,
				D0EDBE5916582BFF000C4D24 /* Toilet Icon.png in Resources */,
				D0EDBE5A16582BFF000C4D24 /* Too Sad Icon Blue.png in Resources */,
				D0EDBE5B16582BFF000C4D24 /* Too Sad Icon.png in Resources */,
				D0EDBE5C16582BFF000C4D24 /* TV Icon Blue.png in Resources */,
				D0EDBE5D16582BFF000C4D24 /* TV Icon.png in Resources */,
				D0EDBE5E16582BFF000C4D24 /* Write Icon Blue.png in Resources */,
				D0EDBE5F16582BFF000C4D24 /* Write Icon.png in Resources */,
				D0EDBE6216582E18000C4D24 /* Anxious Icon.png in Resources */,
				D0EDBE6E165841EC000C4D24 /* sharp.jpeg in Resources */,
				D0EDBE7216584275000C4D24 /* eraser.png in Resources */,
				D0EDBE79165845AA000C4D24 /* acupuncture2.gif in Resources */,
				D0EDBE7A165845AA000C4D24 /* burning.jpg in Resources */,
				D0EDBE7B165845AA000C4D24 /* itchy.png in Resources */,
				D0EDBE7C165845AA000C4D24 /* numb.jpg in Resources */,
				D0EDBE7D165845AA000C4D24 /* pressure.jpeg in Resources */,
				D0EDBE7E165845AA000C4D24 /* throbbing.jpg in Resources */,
			);
			runOnlyForDeploymentPostprocessing = 0;
		};
		41325DA31652F5AA004BBD9B /* Resources */ = {
			isa = PBXResourcesBuildPhase;
			buildActionMask = 2147483647;
			files = (
				41325DB21652F5AA004BBD9B /* InfoPlist.strings in Resources */,
			);
			runOnlyForDeploymentPostprocessing = 0;
		};
/* End PBXResourcesBuildPhase section */

/* Begin PBXShellScriptBuildPhase section */
		41325DA41652F5AA004BBD9B /* ShellScript */ = {
			isa = PBXShellScriptBuildPhase;
			buildActionMask = 2147483647;
			files = (
			);
			inputPaths = (
			);
			outputPaths = (
			);
			runOnlyForDeploymentPostprocessing = 0;
			shellPath = /bin/sh;
			shellScript = "# Run the unit tests in this test bundle.\n\"${SYSTEM_DEVELOPER_DIR}/Tools/RunUnitTests\"\n";
		};
/* End PBXShellScriptBuildPhase section */

/* Begin PBXSourcesBuildPhase section */
		41325D7B1652F5AA004BBD9B /* Sources */ = {
			isa = PBXSourcesBuildPhase;
			buildActionMask = 2147483647;
			files = (
				41325D901652F5AA004BBD9B /* main.m in Sources */,
				41325D941652F5AA004BBD9B /* AppDelegate.m in Sources */,
				41325DA01652F5AA004BBD9B /* ViewController.m in Sources */,
				41D41B111655A990009D27D3 /* HeadViewController.m in Sources */,
				41E03F871657218800D58F8B /* LeftArmViewController.m in Sources */,
				41E03F8A1657235C00D58F8B /* TorsoViewController.m in Sources */,
				41E03F8D165726BA00D58F8B /* LeftLegViewController.m in Sources */,
				41E03F901657278400D58F8B /* RightLegViewController.m in Sources */,
				41E03F9316572B6600D58F8B /* RightArmViewController.m in Sources */,
			);
			runOnlyForDeploymentPostprocessing = 0;
		};
		41325DA11652F5AA004BBD9B /* Sources */ = {
			isa = PBXSourcesBuildPhase;
			buildActionMask = 2147483647;
			files = (
				41325DB51652F5AA004BBD9B /* PainPointerTests.m in Sources */,
			);
			runOnlyForDeploymentPostprocessing = 0;
		};
/* End PBXSourcesBuildPhase section */

/* Begin PBXTargetDependency section */
		41325DAC1652F5AA004BBD9B /* PBXTargetDependency */ = {
			isa = PBXTargetDependency;
			target = 41325D7E1652F5AA004BBD9B /* PainPointer */;
			targetProxy = 41325DAB1652F5AA004BBD9B /* PBXContainerItemProxy */;
		};
/* End PBXTargetDependency section */

/* Begin PBXVariantGroup section */
		41325D8C1652F5AA004BBD9B /* InfoPlist.strings */ = {
			isa = PBXVariantGroup;
			children = (
				41325D8D1652F5AA004BBD9B /* en */,
			);
			name = InfoPlist.strings;
			sourceTree = "<group>";
		};
		41325D9B1652F5AA004BBD9B /* MainStoryboard.storyboard */ = {
			isa = PBXVariantGroup;
			children = (
				41325D9C1652F5AA004BBD9B /* en */,
			);
			name = MainStoryboard.storyboard;
			sourceTree = "<group>";
		};
		41325DB01652F5AA004BBD9B /* InfoPlist.strings */ = {
			isa = PBXVariantGroup;
			children = (
				41325DB11652F5AA004BBD9B /* en */,
			);
			name = InfoPlist.strings;
			sourceTree = "<group>";
		};
/* End PBXVariantGroup section */

/* Begin XCBuildConfiguration section */
		41325DB61652F5AA004BBD9B /* Debug */ = {
			isa = XCBuildConfiguration;
			buildSettings = {
				ALWAYS_SEARCH_USER_PATHS = NO;
				CLANG_CXX_LANGUAGE_STANDARD = "gnu++0x";
				CLANG_CXX_LIBRARY = "libc++";
				CLANG_ENABLE_OBJC_ARC = YES;
				CLANG_WARN_EMPTY_BODY = YES;
				CLANG_WARN__DUPLICATE_METHOD_MATCH = YES;
				"CODE_SIGN_IDENTITY[sdk=iphoneos*]" = "iPhone Developer";
				COPY_PHASE_STRIP = NO;
				GCC_C_LANGUAGE_STANDARD = gnu99;
				GCC_DYNAMIC_NO_PIC = NO;
				GCC_OPTIMIZATION_LEVEL = 0;
				GCC_PREPROCESSOR_DEFINITIONS = (
					"DEBUG=1",
					"$(inherited)",
				);
				GCC_SYMBOLS_PRIVATE_EXTERN = NO;
				GCC_WARN_ABOUT_RETURN_TYPE = YES;
				GCC_WARN_UNINITIALIZED_AUTOS = YES;
				GCC_WARN_UNUSED_VARIABLE = YES;
				IPHONEOS_DEPLOYMENT_TARGET = 6.0;
				ONLY_ACTIVE_ARCH = YES;
				SDKROOT = iphoneos;
				TARGETED_DEVICE_FAMILY = 2;
			};
			name = Debug;
		};
		41325DB71652F5AA004BBD9B /* Release */ = {
			isa = XCBuildConfiguration;
			buildSettings = {
				ALWAYS_SEARCH_USER_PATHS = NO;
				CLANG_CXX_LANGUAGE_STANDARD = "gnu++0x";
				CLANG_CXX_LIBRARY = "libc++";
				CLANG_ENABLE_OBJC_ARC = YES;
				CLANG_WARN_EMPTY_BODY = YES;
				CLANG_WARN__DUPLICATE_METHOD_MATCH = YES;
				"CODE_SIGN_IDENTITY[sdk=iphoneos*]" = "iPhone Developer";
				COPY_PHASE_STRIP = YES;
				GCC_C_LANGUAGE_STANDARD = gnu99;
				GCC_WARN_ABOUT_RETURN_TYPE = YES;
				GCC_WARN_UNINITIALIZED_AUTOS = YES;
				GCC_WARN_UNUSED_VARIABLE = YES;
				IPHONEOS_DEPLOYMENT_TARGET = 6.0;
				OTHER_CFLAGS = "-DNS_BLOCK_ASSERTIONS=1";
				SDKROOT = iphoneos;
				TARGETED_DEVICE_FAMILY = 2;
				VALIDATE_PRODUCT = YES;
			};
			name = Release;
		};
		41325DB91652F5AA004BBD9B /* Debug */ = {
			isa = XCBuildConfiguration;
			buildSettings = {
				GCC_PRECOMPILE_PREFIX_HEADER = YES;
				GCC_PREFIX_HEADER = "PainPointer/PainPointer-Prefix.pch";
				INFOPLIST_FILE = "PainPointer/PainPointer-Info.plist";
				PRODUCT_NAME = "$(TARGET_NAME)";
				WRAPPER_EXTENSION = app;
			};
			name = Debug;
		};
		41325DBA1652F5AA004BBD9B /* Release */ = {
			isa = XCBuildConfiguration;
			buildSettings = {
				GCC_PRECOMPILE_PREFIX_HEADER = YES;
				GCC_PREFIX_HEADER = "PainPointer/PainPointer-Prefix.pch";
				INFOPLIST_FILE = "PainPointer/PainPointer-Info.plist";
				PRODUCT_NAME = "$(TARGET_NAME)";
				WRAPPER_EXTENSION = app;
			};
			name = Release;
		};
		41325DBC1652F5AA004BBD9B /* Debug */ = {
			isa = XCBuildConfiguration;
			buildSettings = {
				BUNDLE_LOADER = "$(BUILT_PRODUCTS_DIR)/PainPointer.app/PainPointer";
				FRAMEWORK_SEARCH_PATHS = (
					"\"$(SDKROOT)/Developer/Library/Frameworks\"",
					"\"$(DEVELOPER_LIBRARY_DIR)/Frameworks\"",
				);
				GCC_PRECOMPILE_PREFIX_HEADER = YES;
				GCC_PREFIX_HEADER = "PainPointer/PainPointer-Prefix.pch";
				INFOPLIST_FILE = "PainPointerTests/PainPointerTests-Info.plist";
				PRODUCT_NAME = "$(TARGET_NAME)";
				TEST_HOST = "$(BUNDLE_LOADER)";
				WRAPPER_EXTENSION = octest;
			};
			name = Debug;
		};
		41325DBD1652F5AA004BBD9B /* Release */ = {
			isa = XCBuildConfiguration;
			buildSettings = {
				BUNDLE_LOADER = "$(BUILT_PRODUCTS_DIR)/PainPointer.app/PainPointer";
				FRAMEWORK_SEARCH_PATHS = (
					"\"$(SDKROOT)/Developer/Library/Frameworks\"",
					"\"$(DEVELOPER_LIBRARY_DIR)/Frameworks\"",
				);
				GCC_PRECOMPILE_PREFIX_HEADER = YES;
				GCC_PREFIX_HEADER = "PainPointer/PainPointer-Prefix.pch";
				INFOPLIST_FILE = "PainPointerTests/PainPointerTests-Info.plist";
				PRODUCT_NAME = "$(TARGET_NAME)";
				TEST_HOST = "$(BUNDLE_LOADER)";
				WRAPPER_EXTENSION = octest;
			};
			name = Release;
		};
/* End XCBuildConfiguration section */

/* Begin XCConfigurationList section */
		41325D791652F5AA004BBD9B /* Build configuration list for PBXProject "PainPointer" */ = {
			isa = XCConfigurationList;
			buildConfigurations = (
				41325DB61652F5AA004BBD9B /* Debug */,
				41325DB71652F5AA004BBD9B /* Release */,
			);
			defaultConfigurationIsVisible = 0;
			defaultConfigurationName = Release;
		};
		41325DB81652F5AA004BBD9B /* Build configuration list for PBXNativeTarget "PainPointer" */ = {
			isa = XCConfigurationList;
			buildConfigurations = (
				41325DB91652F5AA004BBD9B /* Debug */,
				41325DBA1652F5AA004BBD9B /* Release */,
			);
			defaultConfigurationIsVisible = 0;
			defaultConfigurationName = Release;
		};
		41325DBB1652F5AA004BBD9B /* Build configuration list for PBXNativeTarget "PainPointerTests" */ = {
			isa = XCConfigurationList;
			buildConfigurations = (
				41325DBC1652F5AA004BBD9B /* Debug */,
				41325DBD1652F5AA004BBD9B /* Release */,
			);
			defaultConfigurationIsVisible = 0;
			defaultConfigurationName = Release;
		};
/* End XCConfigurationList section */
	};
	rootObject = 41325D761652F5AA004BBD9B /* Project object */;
}
