// !$*UTF8*$!
{
	archiveVersion = 1;
	classes = {
	};
	objectVersion = 46;
	objects = {

/* Begin PBXBuildFile section */
		41325D841652F5AA004BBD9B /* UIKit.framework in Frameworks */ = {isa = PBXBuildFile; fileRef = 41325D831652F5AA004BBD9B /* UIKit.framework */; };
		41325D861652F5AA004BBD9B /* Foundation.framework in Frameworks */ = {isa = PBXBuildFile; fileRef = 41325D851652F5AA004BBD9B /* Foundation.framework */; };
		41325D881652F5AA004BBD9B /* CoreGraphics.framework in Frameworks */ = {isa = PBXBuildFile; fileRef = 41325D871652F5AA004BBD9B /* CoreGraphics.framework */; };
		41325D8E1652F5AA004BBD9B /* InfoPlist.strings in Resources */ = {isa = PBXBuildFile; fileRef = 41325D8C1652F5AA004BBD9B /* InfoPlist.strings */; };
		41325D901652F5AA004BBD9B /* main.m in Sources */ = {isa = PBXBuildFile; fileRef = 41325D8F1652F5AA004BBD9B /* main.m */; };
		41325D941652F5AA004BBD9B /* AppDelegate.m in Sources */ = {isa = PBXBuildFile; fileRef = 41325D931652F5AA004BBD9B /* AppDelegate.m */; };
		41325D961652F5AA004BBD9B /* Default.png in Resources */ = {isa = PBXBuildFile; fileRef = 41325D951652F5AA004BBD9B /* Default.png */; };
		41325D981652F5AA004BBD9B /* Default@2x.png in Resources */ = {isa = PBXBuildFile; fileRef = 41325D971652F5AA004BBD9B /* Default@2x.png */; };
		41325D9A1652F5AA004BBD9B /* Default-568h@2x.png in Resources */ = {isa = PBXBuildFile; fileRef = 41325D991652F5AA004BBD9B /* Default-568h@2x.png */; };
		41325D9D1652F5AA004BBD9B /* MainStoryboard.storyboard in Resources */ = {isa = PBXBuildFile; fileRef = 41325D9B1652F5AA004BBD9B /* MainStoryboard.storyboard */; };
		41325DA01652F5AA004BBD9B /* ViewController.m in Sources */ = {isa = PBXBuildFile; fileRef = 41325D9F1652F5AA004BBD9B /* ViewController.m */; };
		41325DA81652F5AA004BBD9B /* SenTestingKit.framework in Frameworks */ = {isa = PBXBuildFile; fileRef = 41325DA71652F5AA004BBD9B /* SenTestingKit.framework */; };
		41325DA91652F5AA004BBD9B /* UIKit.framework in Frameworks */ = {isa = PBXBuildFile; fileRef = 41325D831652F5AA004BBD9B /* UIKit.framework */; };
		41325DAA1652F5AA004BBD9B /* Foundation.framework in Frameworks */ = {isa = PBXBuildFile; fileRef = 41325D851652F5AA004BBD9B /* Foundation.framework */; };
		41325DB21652F5AA004BBD9B /* InfoPlist.strings in Resources */ = {isa = PBXBuildFile; fileRef = 41325DB01652F5AA004BBD9B /* InfoPlist.strings */; };
		41325DB51652F5AA004BBD9B /* PainPointerTests.m in Sources */ = {isa = PBXBuildFile; fileRef = 41325DB41652F5AA004BBD9B /* PainPointerTests.m */; };
		41C9341B1655C069009A51EA /* Transparent.png in Resources */ = {isa = PBXBuildFile; fileRef = 41C9341A1655C069009A51EA /* Transparent.png */; };
		41D41B0C16559409009D27D3 /* Check.png in Resources */ = {isa = PBXBuildFile; fileRef = 41D41B0B16559409009D27D3 /* Check.png */; };
		41D41B111655A990009D27D3 /* HeadViewController.m in Sources */ = {isa = PBXBuildFile; fileRef = 41D41B101655A990009D27D3 /* HeadViewController.m */; };
		41E03F871657218800D58F8B /* LeftArmViewController.m in Sources */ = {isa = PBXBuildFile; fileRef = 41E03F861657218800D58F8B /* LeftArmViewController.m */; };
		41E03F8A1657235C00D58F8B /* TorsoViewController.m in Sources */ = {isa = PBXBuildFile; fileRef = 41E03F891657235C00D58F8B /* TorsoViewController.m */; };
		41E03F8D165726BA00D58F8B /* LeftLegViewController.m in Sources */ = {isa = PBXBuildFile; fileRef = 41E03F8C165726BA00D58F8B /* LeftLegViewController.m */; };
		41E03F901657278400D58F8B /* RightLegViewController.m in Sources */ = {isa = PBXBuildFile; fileRef = 41E03F8F1657278300D58F8B /* RightLegViewController.m */; };
		41E03F9316572B6600D58F8B /* RightArmViewController.m in Sources */ = {isa = PBXBuildFile; fileRef = 41E03F9216572B6600D58F8B /* RightArmViewController.m */; };
		D0352CD4165A173A0073C9E6 /* Bleeding Blue.png in Resources */ = {isa = PBXBuildFile; fileRef = D0352CCF165A173A0073C9E6 /* Bleeding Blue.png */; };
		D0352CD5165A173A0073C9E6 /* Burning Blue.png in Resources */ = {isa = PBXBuildFile; fileRef = D0352CD0165A173A0073C9E6 /* Burning Blue.png */; };
		D0352CD6165A173A0073C9E6 /* General Blue.png in Resources */ = {isa = PBXBuildFile; fileRef = D0352CD1165A173A0073C9E6 /* General Blue.png */; };
		D0352CD7165A173A0073C9E6 /* Sharp Blue.png in Resources */ = {isa = PBXBuildFile; fileRef = D0352CD2165A173A0073C9E6 /* Sharp Blue.png */; };
		D0352CD8165A173A0073C9E6 /* Throbbing Blue.png in Resources */ = {isa = PBXBuildFile; fileRef = D0352CD3165A173A0073C9E6 /* Throbbing Blue.png */; };
		D0D8017C1659999500C8E42E /* Full Body Front DONE.png in Resources */ = {isa = PBXBuildFile; fileRef = D0D801751659999500C8E42E /* Full Body Front DONE.png */; };
		D0D8017D1659999500C8E42E /* Head DONE.png in Resources */ = {isa = PBXBuildFile; fileRef = D0D801761659999500C8E42E /* Head DONE.png */; };
		D0D8017E1659999500C8E42E /* Left arm DONE.png in Resources */ = {isa = PBXBuildFile; fileRef = D0D801771659999500C8E42E /* Left arm DONE.png */; };
		D0D8017F1659999500C8E42E /* Left Leg DONE.png in Resources */ = {isa = PBXBuildFile; fileRef = D0D801781659999500C8E42E /* Left Leg DONE.png */; };
		D0D801801659999500C8E42E /* Right Arm DONE.png in Resources */ = {isa = PBXBuildFile; fileRef = D0D801791659999500C8E42E /* Right Arm DONE.png */; };
		D0D801811659999500C8E42E /* Right Leg DONE.png in Resources */ = {isa = PBXBuildFile; fileRef = D0D8017A1659999500C8E42E /* Right Leg DONE.png */; };
		D0D801821659999500C8E42E /* Torso DONE.png in Resources */ = {isa = PBXBuildFile; fileRef = D0D8017B1659999500C8E42E /* Torso DONE.png */; };
		D0D801891659D02E00C8E42E /* Bleeding.png in Resources */ = {isa = PBXBuildFile; fileRef = D0D801841659D02E00C8E42E /* Bleeding.png */; };
		D0D8018A1659D02E00C8E42E /* Burning.png in Resources */ = {isa = PBXBuildFile; fileRef = D0D801851659D02E00C8E42E /* Burning.png */; };
		D0D8018B1659D02E00C8E42E /* General.png in Resources */ = {isa = PBXBuildFile; fileRef = D0D801861659D02E00C8E42E /* General.png */; };
		D0D8018C1659D02E00C8E42E /* Sharp.png in Resources */ = {isa = PBXBuildFile; fileRef = D0D801871659D02E00C8E42E /* Sharp.png */; };
		D0D8018D1659D02E00C8E42E /* Throbbing.png in Resources */ = {isa = PBXBuildFile; fileRef = D0D801881659D02E00C8E42E /* Throbbing.png */; };
		D0D801941659D6CD00C8E42E /* Depressed.png in Resources */ = {isa = PBXBuildFile; fileRef = D0D8018E1659D6CD00C8E42E /* Depressed.png */; };
		D0D801951659D6CD00C8E42E /* Dizzy.png in Resources */ = {isa = PBXBuildFile; fileRef = D0D8018F1659D6CD00C8E42E /* Dizzy.png */; };
		D0D801961659D6CD00C8E42E /* Drowziness.png in Resources */ = {isa = PBXBuildFile; fileRef = D0D801901659D6CD00C8E42E /* Drowziness.png */; };
		D0D801971659D6CD00C8E42E /* Fever.png in Resources */ = {isa = PBXBuildFile; fileRef = D0D801911659D6CD00C8E42E /* Fever.png */; };
		D0D801981659D6CD00C8E42E /* Headache.png in Resources */ = {isa = PBXBuildFile; fileRef = D0D801921659D6CD00C8E42E /* Headache.png */; };
		D0D801991659D6CD00C8E42E /* Nauseaus.png in Resources */ = {isa = PBXBuildFile; fileRef = D0D801931659D6CD00C8E42E /* Nauseaus.png */; };
		D0EDBE7216584275000C4D24 /* eraser.png in Resources */ = {isa = PBXBuildFile; fileRef = D0EDBE7116584275000C4D24 /* eraser.png */; };
/* End PBXBuildFile section */

/* Begin PBXContainerItemProxy section */
		41325DAB1652F5AA004BBD9B /* PBXContainerItemProxy */ = {
			isa = PBXContainerItemProxy;
			containerPortal = 41325D761652F5AA004BBD9B /* Project object */;
			proxyType = 1;
			remoteGlobalIDString = 41325D7E1652F5AA004BBD9B;
			remoteInfo = PainPointer;
		};
/* End PBXContainerItemProxy section */

/* Begin PBXFileReference section */
		41325D7F1652F5AA004BBD9B /* PainPointer.app */ = {isa = PBXFileReference; explicitFileType = wrapper.application; includeInIndex = 0; path = PainPointer.app; sourceTree = BUILT_PRODUCTS_DIR; };
		41325D831652F5AA004BBD9B /* UIKit.framework */ = {isa = PBXFileReference; lastKnownFileType = wrapper.framework; name = UIKit.framework; path = System/Library/Frameworks/UIKit.framework; sourceTree = SDKROOT; };
		41325D851652F5AA004BBD9B /* Foundation.framework */ = {isa = PBXFileReference; lastKnownFileType = wrapper.framework; name = Foundation.framework; path = System/Library/Frameworks/Foundation.framework; sourceTree = SDKROOT; };
		41325D871652F5AA004BBD9B /* CoreGraphics.framework */ = {isa = PBXFileReference; lastKnownFileType = wrapper.framework; name = CoreGraphics.framework; path = System/Library/Frameworks/CoreGraphics.framework; sourceTree = SDKROOT; };
		41325D8B1652F5AA004BBD9B /* PainPointer-Info.plist */ = {isa = PBXFileReference; lastKnownFileType = text.plist.xml; path = "PainPointer-Info.plist"; sourceTree = "<group>"; };
		41325D8D1652F5AA004BBD9B /* en */ = {isa = PBXFileReference; lastKnownFileType = text.plist.strings; name = en; path = en.lproj/InfoPlist.strings; sourceTree = "<group>"; };
		41325D8F1652F5AA004BBD9B /* main.m */ = {isa = PBXFileReference; lastKnownFileType = sourcecode.c.objc; path = main.m; sourceTree = "<group>"; };
		41325D911652F5AA004BBD9B /* PainPointer-Prefix.pch */ = {isa = PBXFileReference; lastKnownFileType = sourcecode.c.h; path = "PainPointer-Prefix.pch"; sourceTree = "<group>"; };
		41325D921652F5AA004BBD9B /* AppDelegate.h */ = {isa = PBXFileReference; lastKnownFileType = sourcecode.c.h; path = AppDelegate.h; sourceTree = "<group>"; };
		41325D931652F5AA004BBD9B /* AppDelegate.m */ = {isa = PBXFileReference; lastKnownFileType = sourcecode.c.objc; path = AppDelegate.m; sourceTree = "<group>"; };
		41325D951652F5AA004BBD9B /* Default.png */ = {isa = PBXFileReference; lastKnownFileType = image.png; path = Default.png; sourceTree = "<group>"; };
		41325D971652F5AA004BBD9B /* Default@2x.png */ = {isa = PBXFileReference; lastKnownFileType = image.png; path = "Default@2x.png"; sourceTree = "<group>"; };
		41325D991652F5AA004BBD9B /* Default-568h@2x.png */ = {isa = PBXFileReference; lastKnownFileType = image.png; path = "Default-568h@2x.png"; sourceTree = "<group>"; };
		41325D9C1652F5AA004BBD9B /* en */ = {isa = PBXFileReference; lastKnownFileType = file.storyboard; name = en; path = en.lproj/MainStoryboard.storyboard; sourceTree = "<group>"; };
		41325D9E1652F5AA004BBD9B /* ViewController.h */ = {isa = PBXFileReference; lastKnownFileType = sourcecode.c.h; path = ViewController.h; sourceTree = "<group>"; };
		41325D9F1652F5AA004BBD9B /* ViewController.m */ = {isa = PBXFileReference; lastKnownFileType = sourcecode.c.objc; path = ViewController.m; sourceTree = "<group>"; };
		41325DA61652F5AA004BBD9B /* PainPointerTests.octest */ = {isa = PBXFileReference; explicitFileType = wrapper.cfbundle; includeInIndex = 0; path = PainPointerTests.octest; sourceTree = BUILT_PRODUCTS_DIR; };
		41325DA71652F5AA004BBD9B /* SenTestingKit.framework */ = {isa = PBXFileReference; lastKnownFileType = wrapper.framework; name = SenTestingKit.framework; path = Library/Frameworks/SenTestingKit.framework; sourceTree = DEVELOPER_DIR; };
		41325DAF1652F5AA004BBD9B /* PainPointerTests-Info.plist */ = {isa = PBXFileReference; lastKnownFileType = text.plist.xml; path = "PainPointerTests-Info.plist"; sourceTree = "<group>"; };
		41325DB11652F5AA004BBD9B /* en */ = {isa = PBXFileReference; lastKnownFileType = text.plist.strings; name = en; path = en.lproj/InfoPlist.strings; sourceTree = "<group>"; };
		41325DB31652F5AA004BBD9B /* PainPointerTests.h */ = {isa = PBXFileReference; lastKnownFileType = sourcecode.c.h; path = PainPointerTests.h; sourceTree = "<group>"; };
		41325DB41652F5AA004BBD9B /* PainPointerTests.m */ = {isa = PBXFileReference; lastKnownFileType = sourcecode.c.objc; path = PainPointerTests.m; sourceTree = "<group>"; };
		41C9341A1655C069009A51EA /* Transparent.png */ = {isa = PBXFileReference; lastKnownFileType = image.png; path = Transparent.png; sourceTree = "<group>"; };
		41D41B0B16559409009D27D3 /* Check.png */ = {isa = PBXFileReference; lastKnownFileType = image.png; path = Check.png; sourceTree = "<group>"; };
		41D41B0F1655A990009D27D3 /* HeadViewController.h */ = {isa = PBXFileReference; fileEncoding = 4; lastKnownFileType = sourcecode.c.h; path = HeadViewController.h; sourceTree = "<group>"; };
		41D41B101655A990009D27D3 /* HeadViewController.m */ = {isa = PBXFileReference; fileEncoding = 4; lastKnownFileType = sourcecode.c.objc; path = HeadViewController.m; sourceTree = "<group>"; };
		41E03F851657218800D58F8B /* LeftArmViewController.h */ = {isa = PBXFileReference; fileEncoding = 4; lastKnownFileType = sourcecode.c.h; path = LeftArmViewController.h; sourceTree = "<group>"; };
		41E03F861657218800D58F8B /* LeftArmViewController.m */ = {isa = PBXFileReference; fileEncoding = 4; lastKnownFileType = sourcecode.c.objc; path = LeftArmViewController.m; sourceTree = "<group>"; };
		41E03F881657235C00D58F8B /* TorsoViewController.h */ = {isa = PBXFileReference; fileEncoding = 4; lastKnownFileType = sourcecode.c.h; path = TorsoViewController.h; sourceTree = "<group>"; };
		41E03F891657235C00D58F8B /* TorsoViewController.m */ = {isa = PBXFileReference; fileEncoding = 4; lastKnownFileType = sourcecode.c.objc; path = TorsoViewController.m; sourceTree = "<group>"; };
		41E03F8B165726BA00D58F8B /* LeftLegViewController.h */ = {isa = PBXFileReference; fileEncoding = 4; lastKnownFileType = sourcecode.c.h; path = LeftLegViewController.h; sourceTree = "<group>"; };
		41E03F8C165726BA00D58F8B /* LeftLegViewController.m */ = {isa = PBXFileReference; fileEncoding = 4; lastKnownFileType = sourcecode.c.objc; path = LeftLegViewController.m; sourceTree = "<group>"; };
		41E03F8E1657278300D58F8B /* RightLegViewController.h */ = {isa = PBXFileReference; fileEncoding = 4; lastKnownFileType = sourcecode.c.h; path = RightLegViewController.h; sourceTree = "<group>"; };
		41E03F8F1657278300D58F8B /* RightLegViewController.m */ = {isa = PBXFileReference; fileEncoding = 4; lastKnownFileType = sourcecode.c.objc; path = RightLegViewController.m; sourceTree = "<group>"; };
		41E03F9116572B6600D58F8B /* RightArmViewController.h */ = {isa = PBXFileReference; fileEncoding = 4; lastKnownFileType = sourcecode.c.h; name = RightArmViewController.h; path = ../RightArmViewController.h; sourceTree = "<group>"; };
		41E03F9216572B6600D58F8B /* RightArmViewController.m */ = {isa = PBXFileReference; fileEncoding = 4; lastKnownFileType = sourcecode.c.objc; name = RightArmViewController.m; path = ../RightArmViewController.m; sourceTree = "<group>"; };
		D0352CCF165A173A0073C9E6 /* Bleeding Blue.png */ = {isa = PBXFileReference; lastKnownFileType = image.png; path = "Bleeding Blue.png"; sourceTree = "<group>"; };
		D0352CD0165A173A0073C9E6 /* Burning Blue.png */ = {isa = PBXFileReference; lastKnownFileType = image.png; path = "Burning Blue.png"; sourceTree = "<group>"; };
		D0352CD1165A173A0073C9E6 /* General Blue.png */ = {isa = PBXFileReference; lastKnownFileType = image.png; path = "General Blue.png"; sourceTree = "<group>"; };
		D0352CD2165A173A0073C9E6 /* Sharp Blue.png */ = {isa = PBXFileReference; lastKnownFileType = image.png; path = "Sharp Blue.png"; sourceTree = "<group>"; };
		D0352CD3165A173A0073C9E6 /* Throbbing Blue.png */ = {isa = PBXFileReference; lastKnownFileType = image.png; path = "Throbbing Blue.png"; sourceTree = "<group>"; };
		D0D801751659999500C8E42E /* Full Body Front DONE.png */ = {isa = PBXFileReference; lastKnownFileType = image.png; path = "Full Body Front DONE.png"; sourceTree = "<group>"; };
		D0D801761659999500C8E42E /* Head DONE.png */ = {isa = PBXFileReference; lastKnownFileType = image.png; path = "Head DONE.png"; sourceTree = "<group>"; };
		D0D801771659999500C8E42E /* Left arm DONE.png */ = {isa = PBXFileReference; lastKnownFileType = image.png; path = "Left arm DONE.png"; sourceTree = "<group>"; };
		D0D801781659999500C8E42E /* Left Leg DONE.png */ = {isa = PBXFileReference; lastKnownFileType = image.png; path = "Left Leg DONE.png"; sourceTree = "<group>"; };
		D0D801791659999500C8E42E /* Right Arm DONE.png */ = {isa = PBXFileReference; lastKnownFileType = image.png; path = "Right Arm DONE.png"; sourceTree = "<group>"; };
		D0D8017A1659999500C8E42E /* Right Leg DONE.png */ = {isa = PBXFileReference; lastKnownFileType = image.png; path = "Right Leg DONE.png"; sourceTree = "<group>"; };
		D0D8017B1659999500C8E42E /* Torso DONE.png */ = {isa = PBXFileReference; lastKnownFileType = image.png; path = "Torso DONE.png"; sourceTree = "<group>"; };
		D0D801841659D02E00C8E42E /* Bleeding.png */ = {isa = PBXFileReference; lastKnownFileType = image.png; path = Bleeding.png; sourceTree = "<group>"; };
		D0D801851659D02E00C8E42E /* Burning.png */ = {isa = PBXFileReference; lastKnownFileType = image.png; path = Burning.png; sourceTree = "<group>"; };
		D0D801861659D02E00C8E42E /* General.png */ = {isa = PBXFileReference; lastKnownFileType = image.png; path = General.png; sourceTree = "<group>"; };
		D0D801871659D02E00C8E42E /* Sharp.png */ = {isa = PBXFileReference; lastKnownFileType = image.png; path = Sharp.png; sourceTree = "<group>"; };
		D0D801881659D02E00C8E42E /* Throbbing.png */ = {isa = PBXFileReference; lastKnownFileType = image.png; path = Throbbing.png; sourceTree = "<group>"; };
		D0D8018E1659D6CD00C8E42E /* Depressed.png */ = {isa = PBXFileReference; lastKnownFileType = image.png; path = Depressed.png; sourceTree = "<group>"; };
		D0D8018F1659D6CD00C8E42E /* Dizzy.png */ = {isa = PBXFileReference; lastKnownFileType = image.png; path = Dizzy.png; sourceTree = "<group>"; };
		D0D801901659D6CD00C8E42E /* Drowziness.png */ = {isa = PBXFileReference; lastKnownFileType = image.png; path = Drowziness.png; sourceTree = "<group>"; };
		D0D801911659D6CD00C8E42E /* Fever.png */ = {isa = PBXFileReference; lastKnownFileType = image.png; path = Fever.png; sourceTree = "<group>"; };
		D0D801921659D6CD00C8E42E /* Headache.png */ = {isa = PBXFileReference; lastKnownFileType = image.png; path = Headache.png; sourceTree = "<group>"; };
		D0D801931659D6CD00C8E42E /* Nauseaus.png */ = {isa = PBXFileReference; lastKnownFileType = image.png; path = Nauseaus.png; sourceTree = "<group>"; };
		D0EDBE7116584275000C4D24 /* eraser.png */ = {isa = PBXFileReference; lastKnownFileType = image.png; path = eraser.png; sourceTree = "<group>"; };
/* End PBXFileReference section */

/* Begin PBXFrameworksBuildPhase section */
		41325D7C1652F5AA004BBD9B /* Frameworks */ = {
			isa = PBXFrameworksBuildPhase;
			buildActionMask = 2147483647;
			files = (
				41325D841652F5AA004BBD9B /* UIKit.framework in Frameworks */,
				41325D861652F5AA004BBD9B /* Foundation.framework in Frameworks */,
				41325D881652F5AA004BBD9B /* CoreGraphics.framework in Frameworks */,
			);
			runOnlyForDeploymentPostprocessing = 0;
		};
		41325DA21652F5AA004BBD9B /* Frameworks */ = {
			isa = PBXFrameworksBuildPhase;
			buildActionMask = 2147483647;
			files = (
				41325DA81652F5AA004BBD9B /* SenTestingKit.framework in Frameworks */,
				41325DA91652F5AA004BBD9B /* UIKit.framework in Frameworks */,
				41325DAA1652F5AA004BBD9B /* Foundation.framework in Frameworks */,
			);
			runOnlyForDeploymentPostprocessing = 0;
		};
/* End PBXFrameworksBuildPhase section */

/* Begin PBXGroup section */
		41325D741652F5AA004BBD9B = {
			isa = PBXGroup;
			children = (
				41325D891652F5AA004BBD9B /* PainPointer */,
				41325DAD1652F5AA004BBD9B /* PainPointerTests */,
				41325D821652F5AA004BBD9B /* Frameworks */,
				41325D801652F5AA004BBD9B /* Products */,
			);
			sourceTree = "<group>";
		};
		41325D801652F5AA004BBD9B /* Products */ = {
			isa = PBXGroup;
			children = (
				41325D7F1652F5AA004BBD9B /* PainPointer.app */,
				41325DA61652F5AA004BBD9B /* PainPointerTests.octest */,
			);
			name = Products;
			sourceTree = "<group>";
		};
		41325D821652F5AA004BBD9B /* Frameworks */ = {
			isa = PBXGroup;
			children = (
				41325D831652F5AA004BBD9B /* UIKit.framework */,
				41325D851652F5AA004BBD9B /* Foundation.framework */,
				41325D871652F5AA004BBD9B /* CoreGraphics.framework */,
				41325DA71652F5AA004BBD9B /* SenTestingKit.framework */,
			);
			name = Frameworks;
			sourceTree = "<group>";
		};
		41325D891652F5AA004BBD9B /* PainPointer */ = {
			isa = PBXGroup;
			children = (
				41325D921652F5AA004BBD9B /* AppDelegate.h */,
				41325D931652F5AA004BBD9B /* AppDelegate.m */,
				41325D9B1652F5AA004BBD9B /* MainStoryboard.storyboard */,
				41E03F9116572B6600D58F8B /* RightArmViewController.h */,
				41E03F9216572B6600D58F8B /* RightArmViewController.m */,
				41E03F8E1657278300D58F8B /* RightLegViewController.h */,
				41E03F8F1657278300D58F8B /* RightLegViewController.m */,
				41E03F8B165726BA00D58F8B /* LeftLegViewController.h */,
				41E03F8C165726BA00D58F8B /* LeftLegViewController.m */,
				41E03F881657235C00D58F8B /* TorsoViewController.h */,
				41E03F891657235C00D58F8B /* TorsoViewController.m */,
				41E03F851657218800D58F8B /* LeftArmViewController.h */,
				41E03F861657218800D58F8B /* LeftArmViewController.m */,
				41D41B0F1655A990009D27D3 /* HeadViewController.h */,
				41D41B101655A990009D27D3 /* HeadViewController.m */,
				41325D9E1652F5AA004BBD9B /* ViewController.h */,
				41325D9F1652F5AA004BBD9B /* ViewController.m */,
				D0D8018E1659D6CD00C8E42E /* Depressed.png */,
				D0D8018F1659D6CD00C8E42E /* Dizzy.png */,
				D0D801901659D6CD00C8E42E /* Drowziness.png */,
				D0D801911659D6CD00C8E42E /* Fever.png */,
				D0D801921659D6CD00C8E42E /* Headache.png */,
				D0D801931659D6CD00C8E42E /* Nauseaus.png */,
				D0352CCF165A173A0073C9E6 /* Bleeding Blue.png */,
				D0352CD0165A173A0073C9E6 /* Burning Blue.png */,
				D0352CD1165A173A0073C9E6 /* General Blue.png */,
				D0352CD2165A173A0073C9E6 /* Sharp Blue.png */,
				D0352CD3165A173A0073C9E6 /* Throbbing Blue.png */,
				D0D801751659999500C8E42E /* Full Body Front DONE.png */,
				D0D801761659999500C8E42E /* Head DONE.png */,
				D0D801771659999500C8E42E /* Left arm DONE.png */,
				D0D801781659999500C8E42E /* Left Leg DONE.png */,
				D0D801791659999500C8E42E /* Right Arm DONE.png */,
				D0D8017A1659999500C8E42E /* Right Leg DONE.png */,
				D0D8017B1659999500C8E42E /* Torso DONE.png */,
				D0D801841659D02E00C8E42E /* Bleeding.png */,
				D0D801851659D02E00C8E42E /* Burning.png */,
				D0D801861659D02E00C8E42E /* General.png */,
				D0D801871659D02E00C8E42E /* Sharp.png */,
				D0D801881659D02E00C8E42E /* Throbbing.png */,
				41D41B0B16559409009D27D3 /* Check.png */,
				41C9341A1655C069009A51EA /* Transparent.png */,
				D0EDBE7116584275000C4D24 /* eraser.png */,
				41325D8A1652F5AA004BBD9B /* Supporting Files */,
			);
			path = PainPointer;
			sourceTree = "<group>";
		};
		41325D8A1652F5AA004BBD9B /* Supporting Files */ = {
			isa = PBXGroup;
			children = (
				41325D8B1652F5AA004BBD9B /* PainPointer-Info.plist */,
				41325D8C1652F5AA004BBD9B /* InfoPlist.strings */,
				41325D8F1652F5AA004BBD9B /* main.m */,
				41325D911652F5AA004BBD9B /* PainPointer-Prefix.pch */,
				41325D951652F5AA004BBD9B /* Default.png */,
				41325D971652F5AA004BBD9B /* Default@2x.png */,
				41325D991652F5AA004BBD9B /* Default-568h@2x.png */,
			);
			name = "Supporting Files";
			sourceTree = "<group>";
		};
		41325DAD1652F5AA004BBD9B /* PainPointerTests */ = {
			isa = PBXGroup;
			children = (
				41325DB31652F5AA004BBD9B /* PainPointerTests.h */,
				41325DB41652F5AA004BBD9B /* PainPointerTests.m */,
				41325DAE1652F5AA004BBD9B /* Supporting Files */,
			);
			path = PainPointerTests;
			sourceTree = "<group>";
		};
		41325DAE1652F5AA004BBD9B /* Supporting Files */ = {
			isa = PBXGroup;
			children = (
				41325DAF1652F5AA004BBD9B /* PainPointerTests-Info.plist */,
				41325DB01652F5AA004BBD9B /* InfoPlist.strings */,
			);
			name = "Supporting Files";
			sourceTree = "<group>";
		};
/* End PBXGroup section */

/* Begin PBXNativeTarget section */
		41325D7E1652F5AA004BBD9B /* PainPointer */ = {
			isa = PBXNativeTarget;
			buildConfigurationList = 41325DB81652F5AA004BBD9B /* Build configuration list for PBXNativeTarget "PainPointer" */;
			buildPhases = (
				41325D7B1652F5AA004BBD9B /* Sources */,
				41325D7C1652F5AA004BBD9B /* Frameworks */,
				41325D7D1652F5AA004BBD9B /* Resources */,
			);
			buildRules = (
			);
			dependencies = (
			);
			name = PainPointer;
			productName = PainPointer;
			productReference = 41325D7F1652F5AA004BBD9B /* PainPointer.app */;
			productType = "com.apple.product-type.application";
		};
		41325DA51652F5AA004BBD9B /* PainPointerTests */ = {
			isa = PBXNativeTarget;
			buildConfigurationList = 41325DBB1652F5AA004BBD9B /* Build configuration list for PBXNativeTarget "PainPointerTests" */;
			buildPhases = (
				41325DA11652F5AA004BBD9B /* Sources */,
				41325DA21652F5AA004BBD9B /* Frameworks */,
				41325DA31652F5AA004BBD9B /* Resources */,
				41325DA41652F5AA004BBD9B /* ShellScript */,
			);
			buildRules = (
			);
			dependencies = (
				41325DAC1652F5AA004BBD9B /* PBXTargetDependency */,
			);
			name = PainPointerTests;
			productName = PainPointerTests;
			productReference = 41325DA61652F5AA004BBD9B /* PainPointerTests.octest */;
			productType = "com.apple.product-type.bundle";
		};
/* End PBXNativeTarget section */

/* Begin PBXProject section */
		41325D761652F5AA004BBD9B /* Project object */ = {
			isa = PBXProject;
			attributes = {
				LastUpgradeCheck = 0450;
				ORGANIZATIONNAME = "App Jam";
			};
			buildConfigurationList = 41325D791652F5AA004BBD9B /* Build configuration list for PBXProject "PainPointer" */;
			compatibilityVersion = "Xcode 3.2";
			developmentRegion = English;
			hasScannedForEncodings = 0;
			knownRegions = (
				en,
			);
			mainGroup = 41325D741652F5AA004BBD9B;
			productRefGroup = 41325D801652F5AA004BBD9B /* Products */;
			projectDirPath = "";
			projectRoot = "";
			targets = (
				41325D7E1652F5AA004BBD9B /* PainPointer */,
				41325DA51652F5AA004BBD9B /* PainPointerTests */,
			);
		};
/* End PBXProject section */

/* Begin PBXResourcesBuildPhase section */
		41325D7D1652F5AA004BBD9B /* Resources */ = {
			isa = PBXResourcesBuildPhase;
			buildActionMask = 2147483647;
			files = (
				41325D8E1652F5AA004BBD9B /* InfoPlist.strings in Resources */,
				41325D961652F5AA004BBD9B /* Default.png in Resources */,
				41325D981652F5AA004BBD9B /* Default@2x.png in Resources */,
				41325D9A1652F5AA004BBD9B /* Default-568h@2x.png in Resources */,
				41325D9D1652F5AA004BBD9B /* MainStoryboard.storyboard in Resources */,
				41D41B0C16559409009D27D3 /* Check.png in Resources */,
				41C9341B1655C069009A51EA /* Transparent.png in Resources */,
				D0EDBE7216584275000C4D24 /* eraser.png in Resources */,
				D0D8017C1659999500C8E42E /* Full Body Front DONE.png in Resources */,
				D0D8017D1659999500C8E42E /* Head DONE.png in Resources */,
				D0D8017E1659999500C8E42E /* Left arm DONE.png in Resources */,
				D0D8017F1659999500C8E42E /* Left Leg DONE.png in Resources */,
				D0D801801659999500C8E42E /* Right Arm DONE.png in Resources */,
				D0D801811659999500C8E42E /* Right Leg DONE.png in Resources */,
				D0D801821659999500C8E42E /* Torso DONE.png in Resources */,
				D0D801891659D02E00C8E42E /* Bleeding.png in Resources */,
				D0D8018A1659D02E00C8E42E /* Burning.png in Resources */,
				D0D8018B1659D02E00C8E42E /* General.png in Resources */,
				D0D8018C1659D02E00C8E42E /* Sharp.png in Resources */,
				D0D8018D1659D02E00C8E42E /* Throbbing.png in Resources */,
				D0D801941659D6CD00C8E42E /* Depressed.png in Resources */,
				D0D801951659D6CD00C8E42E /* Dizzy.png in Resources */,
				D0D801961659D6CD00C8E42E /* Drowziness.png in Resources */,
				D0D801971659D6CD00C8E42E /* Fever.png in Resources */,
				D0D801981659D6CD00C8E42E /* Headache.png in Resources */,
				D0D801991659D6CD00C8E42E /* Nauseaus.png in Resources */,
				D0352CD4165A173A0073C9E6 /* Bleeding Blue.png in Resources */,
				D0352CD5165A173A0073C9E6 /* Burning Blue.png in Resources */,
				D0352CD6165A173A0073C9E6 /* General Blue.png in Resources */,
				D0352CD7165A173A0073C9E6 /* Sharp Blue.png in Resources */,
				D0352CD8165A173A0073C9E6 /* Throbbing Blue.png in Resources */,
			);
			runOnlyForDeploymentPostprocessing = 0;
		};
		41325DA31652F5AA004BBD9B /* Resources */ = {
			isa = PBXResourcesBuildPhase;
			buildActionMask = 2147483647;
			files = (
				41325DB21652F5AA004BBD9B /* InfoPlist.strings in Resources */,
			);
			runOnlyForDeploymentPostprocessing = 0;
		};
/* End PBXResourcesBuildPhase section */

/* Begin PBXShellScriptBuildPhase section */
		41325DA41652F5AA004BBD9B /* ShellScript */ = {
			isa = PBXShellScriptBuildPhase;
			buildActionMask = 2147483647;
			files = (
			);
			inputPaths = (
			);
			outputPaths = (
			);
			runOnlyForDeploymentPostprocessing = 0;
			shellPath = /bin/sh;
			shellScript = "# Run the unit tests in this test bundle.\n\"${SYSTEM_DEVELOPER_DIR}/Tools/RunUnitTests\"\n";
		};
/* End PBXShellScriptBuildPhase section */

/* Begin PBXSourcesBuildPhase section */
		41325D7B1652F5AA004BBD9B /* Sources */ = {
			isa = PBXSourcesBuildPhase;
			buildActionMask = 2147483647;
			files = (
				41325D901652F5AA004BBD9B /* main.m in Sources */,
				41325D941652F5AA004BBD9B /* AppDelegate.m in Sources */,
				41325DA01652F5AA004BBD9B /* ViewController.m in Sources */,
				41D41B111655A990009D27D3 /* HeadViewController.m in Sources */,
				41E03F871657218800D58F8B /* LeftArmViewController.m in Sources */,
				41E03F8A1657235C00D58F8B /* TorsoViewController.m in Sources */,
				41E03F8D165726BA00D58F8B /* LeftLegViewController.m in Sources */,
				41E03F901657278400D58F8B /* RightLegViewController.m in Sources */,
				41E03F9316572B6600D58F8B /* RightArmViewController.m in Sources */,
			);
			runOnlyForDeploymentPostprocessing = 0;
		};
		41325DA11652F5AA004BBD9B /* Sources */ = {
			isa = PBXSourcesBuildPhase;
			buildActionMask = 2147483647;
			files = (
				41325DB51652F5AA004BBD9B /* PainPointerTests.m in Sources */,
			);
			runOnlyForDeploymentPostprocessing = 0;
		};
/* End PBXSourcesBuildPhase section */

/* Begin PBXTargetDependency section */
		41325DAC1652F5AA004BBD9B /* PBXTargetDependency */ = {
			isa = PBXTargetDependency;
			target = 41325D7E1652F5AA004BBD9B /* PainPointer */;
			targetProxy = 41325DAB1652F5AA004BBD9B /* PBXContainerItemProxy */;
		};
/* End PBXTargetDependency section */

/* Begin PBXVariantGroup section */
		41325D8C1652F5AA004BBD9B /* InfoPlist.strings */ = {
			isa = PBXVariantGroup;
			children = (
				41325D8D1652F5AA004BBD9B /* en */,
			);
			name = InfoPlist.strings;
			sourceTree = "<group>";
		};
		41325D9B1652F5AA004BBD9B /* MainStoryboard.storyboard */ = {
			isa = PBXVariantGroup;
			children = (
				41325D9C1652F5AA004BBD9B /* en */,
			);
			name = MainStoryboard.storyboard;
			sourceTree = "<group>";
		};
		41325DB01652F5AA004BBD9B /* InfoPlist.strings */ = {
			isa = PBXVariantGroup;
			children = (
				41325DB11652F5AA004BBD9B /* en */,
			);
			name = InfoPlist.strings;
			sourceTree = "<group>";
		};
/* End PBXVariantGroup section */

/* Begin XCBuildConfiguration section */
		41325DB61652F5AA004BBD9B /* Debug */ = {
			isa = XCBuildConfiguration;
			buildSettings = {
				ALWAYS_SEARCH_USER_PATHS = NO;
				CLANG_CXX_LANGUAGE_STANDARD = "gnu++0x";
				CLANG_CXX_LIBRARY = "libc++";
				CLANG_ENABLE_OBJC_ARC = YES;
				CLANG_WARN_EMPTY_BODY = YES;
				CLANG_WARN__DUPLICATE_METHOD_MATCH = YES;
				"CODE_SIGN_IDENTITY[sdk=iphoneos*]" = "iPhone Developer";
				COPY_PHASE_STRIP = NO;
				GCC_C_LANGUAGE_STANDARD = gnu99;
				GCC_DYNAMIC_NO_PIC = NO;
				GCC_OPTIMIZATION_LEVEL = 0;
				GCC_PREPROCESSOR_DEFINITIONS = (
					"DEBUG=1",
					"$(inherited)",
				);
				GCC_SYMBOLS_PRIVATE_EXTERN = NO;
				GCC_WARN_ABOUT_RETURN_TYPE = YES;
				GCC_WARN_UNINITIALIZED_AUTOS = YES;
				GCC_WARN_UNUSED_VARIABLE = YES;
				IPHONEOS_DEPLOYMENT_TARGET = 6.0;
				ONLY_ACTIVE_ARCH = YES;
				SDKROOT = iphoneos;
				TARGETED_DEVICE_FAMILY = 2;
			};
			name = Debug;
		};
		41325DB71652F5AA004BBD9B /* Release */ = {
			isa = XCBuildConfiguration;
			buildSettings = {
				ALWAYS_SEARCH_USER_PATHS = NO;
				CLANG_CXX_LANGUAGE_STANDARD = "gnu++0x";
				CLANG_CXX_LIBRARY = "libc++";
				CLANG_ENABLE_OBJC_ARC = YES;
				CLANG_WARN_EMPTY_BODY = YES;
				CLANG_WARN__DUPLICATE_METHOD_MATCH = YES;
				"CODE_SIGN_IDENTITY[sdk=iphoneos*]" = "iPhone Developer";
				COPY_PHASE_STRIP = YES;
				GCC_C_LANGUAGE_STANDARD = gnu99;
				GCC_WARN_ABOUT_RETURN_TYPE = YES;
				GCC_WARN_UNINITIALIZED_AUTOS = YES;
				GCC_WARN_UNUSED_VARIABLE = YES;
				IPHONEOS_DEPLOYMENT_TARGET = 6.0;
				OTHER_CFLAGS = "-DNS_BLOCK_ASSERTIONS=1";
				SDKROOT = iphoneos;
				TARGETED_DEVICE_FAMILY = 2;
				VALIDATE_PRODUCT = YES;
			};
			name = Release;
		};
		41325DB91652F5AA004BBD9B /* Debug */ = {
			isa = XCBuildConfiguration;
			buildSettings = {
				GCC_PRECOMPILE_PREFIX_HEADER = YES;
				GCC_PREFIX_HEADER = "PainPointer/PainPointer-Prefix.pch";
				INFOPLIST_FILE = "PainPointer/PainPointer-Info.plist";
				PRODUCT_NAME = "$(TARGET_NAME)";
				WRAPPER_EXTENSION = app;
			};
			name = Debug;
		};
		41325DBA1652F5AA004BBD9B /* Release */ = {
			isa = XCBuildConfiguration;
			buildSettings = {
				GCC_PRECOMPILE_PREFIX_HEADER = YES;
				GCC_PREFIX_HEADER = "PainPointer/PainPointer-Prefix.pch";
				INFOPLIST_FILE = "PainPointer/PainPointer-Info.plist";
				PRODUCT_NAME = "$(TARGET_NAME)";
				WRAPPER_EXTENSION = app;
			};
			name = Release;
		};
		41325DBC1652F5AA004BBD9B /* Debug */ = {
			isa = XCBuildConfiguration;
			buildSettings = {
				BUNDLE_LOADER = "$(BUILT_PRODUCTS_DIR)/PainPointer.app/PainPointer";
				FRAMEWORK_SEARCH_PATHS = (
					"\"$(SDKROOT)/Developer/Library/Frameworks\"",
					"\"$(DEVELOPER_LIBRARY_DIR)/Frameworks\"",
				);
				GCC_PRECOMPILE_PREFIX_HEADER = YES;
				GCC_PREFIX_HEADER = "PainPointer/PainPointer-Prefix.pch";
				INFOPLIST_FILE = "PainPointerTests/PainPointerTests-Info.plist";
				PRODUCT_NAME = "$(TARGET_NAME)";
				TEST_HOST = "$(BUNDLE_LOADER)";
				WRAPPER_EXTENSION = octest;
			};
			name = Debug;
		};
		41325DBD1652F5AA004BBD9B /* Release */ = {
			isa = XCBuildConfiguration;
			buildSettings = {
				BUNDLE_LOADER = "$(BUILT_PRODUCTS_DIR)/PainPointer.app/PainPointer";
				FRAMEWORK_SEARCH_PATHS = (
					"\"$(SDKROOT)/Developer/Library/Frameworks\"",
					"\"$(DEVELOPER_LIBRARY_DIR)/Frameworks\"",
				);
				GCC_PRECOMPILE_PREFIX_HEADER = YES;
				GCC_PREFIX_HEADER = "PainPointer/PainPointer-Prefix.pch";
				INFOPLIST_FILE = "PainPointerTests/PainPointerTests-Info.plist";
				PRODUCT_NAME = "$(TARGET_NAME)";
				TEST_HOST = "$(BUNDLE_LOADER)";
				WRAPPER_EXTENSION = octest;
			};
			name = Release;
		};
/* End XCBuildConfiguration section */

/* Begin XCConfigurationList section */
		41325D791652F5AA004BBD9B /* Build configuration list for PBXProject "PainPointer" */ = {
			isa = XCConfigurationList;
			buildConfigurations = (
				41325DB61652F5AA004BBD9B /* Debug */,
				41325DB71652F5AA004BBD9B /* Release */,
			);
			defaultConfigurationIsVisible = 0;
			defaultConfigurationName = Release;
		};
		41325DB81652F5AA004BBD9B /* Build configuration list for PBXNativeTarget "PainPointer" */ = {
			isa = XCConfigurationList;
			buildConfigurations = (
				41325DB91652F5AA004BBD9B /* Debug */,
				41325DBA1652F5AA004BBD9B /* Release */,
			);
			defaultConfigurationIsVisible = 0;
			defaultConfigurationName = Release;
		};
		41325DBB1652F5AA004BBD9B /* Build configuration list for PBXNativeTarget "PainPointerTests" */ = {
			isa = XCConfigurationList;
			buildConfigurations = (
				41325DBC1652F5AA004BBD9B /* Debug */,
				41325DBD1652F5AA004BBD9B /* Release */,
			);
			defaultConfigurationIsVisible = 0;
			defaultConfigurationName = Release;
		};
/* End XCConfigurationList section */
	};
	rootObject = 41325D761652F5AA004BBD9B /* Project object */;
}
